
Microsoft Visual Studio Solution File, Format Version 12.00
# Visual Studio Version 17
VisualStudioVersion = 17.11.35219.272
MinimumVisualStudioVersion = 10.0.40219.1
Project("{FAE04EC0-301F-11D3-BF4B-00C04F79EFBC}") = "PetManagementAPI", "PetManagementAPI.csproj", "{5C740904-B030-4636-9561-4CBFD6744718}"
EndProject
Global
	GlobalSection(SolutionConfigurationPlatforms) = preSolution
		Debug|Any CPU = Debug|Any CPU
		Release|Any CPU = Release|Any CPU
	EndGlobalSection
	GlobalSection(ProjectConfigurationPlatforms) = postSolution
		{5C740904-B030-4636-9561-4CBFD6744718}.Debug|Any CPU.ActiveCfg = Debug|Any CPU
		{5C740904-B030-4636-9561-4CBFD6744718}.Debug|Any CPU.Build.0 = Debug|Any CPU
		{5C740904-B030-4636-9561-4CBFD6744718}.Release|Any CPU.ActiveCfg = Release|Any CPU
		{5C740904-B030-4636-9561-4CBFD6744718}.Release|Any CPU.Build.0 = Release|Any CPU
	EndGlobalSection
	GlobalSection(SolutionProperties) = preSolution
		HideSolutionNode = FALSE
	EndGlobalSection
	GlobalSection(ExtensibilityGlobals) = postSolution
		SolutionGuid = {A8C4C15A-DB2A-4E51-B56C-9EF4881490CB}
	EndGlobalSection
EndGlobal
